// !$*UTF8*$!
{
	archiveVersion = 1;
	classes = {
	};
	objectVersion = 46;
	objects = {

/* Begin PBXBuildFile section */
		979DFF131ADBFF840017C937 /* AppDelegate.swift in Sources */ = {isa = PBXBuildFile; fileRef = 979DFF121ADBFF840017C937 /* AppDelegate.swift */; };
		979DFF151ADBFF840017C937 /* MemeEditorViewController.swift in Sources */ = {isa = PBXBuildFile; fileRef = 979DFF141ADBFF840017C937 /* MemeEditorViewController.swift */; };
		979DFF1A1ADBFF840017C937 /* Images.xcassets in Resources */ = {isa = PBXBuildFile; fileRef = 979DFF191ADBFF840017C937 /* Images.xcassets */; };
		979DFF1D1ADBFF840017C937 /* LaunchScreen.xib in Resources */ = {isa = PBXBuildFile; fileRef = 979DFF1B1ADBFF840017C937 /* LaunchScreen.xib */; };
		979DFF291ADBFF840017C937 /* MemeMeAppTests.swift in Sources */ = {isa = PBXBuildFile; fileRef = 979DFF281ADBFF840017C937 /* MemeMeAppTests.swift */; };
		97ABB9AF1ADC7A6000646DF6 /* MemeCollectionViewCell.swift in Sources */ = {isa = PBXBuildFile; fileRef = 97ABB9AE1ADC7A6000646DF6 /* MemeCollectionViewCell.swift */; };
		97B501A41ADEA7B3003F86EB /* Main.storyboard in Resources */ = {isa = PBXBuildFile; fileRef = 97B501A31ADEA7B3003F86EB /* Main.storyboard */; };
		97C04E341ADD4D4E00040286 /* MemeTableViewController.swift in Sources */ = {isa = PBXBuildFile; fileRef = 97C04E331ADD4D4E00040286 /* MemeTableViewController.swift */; };
		97C04E381ADD4FBF00040286 /* MemeDetailViewController.swift in Sources */ = {isa = PBXBuildFile; fileRef = 97C04E371ADD4FBF00040286 /* MemeDetailViewController.swift */; };
		97ED65A31ADC11E500B024ED /* textInputDelegate.swift in Sources */ = {isa = PBXBuildFile; fileRef = 97ED65A21ADC11E500B024ED /* textInputDelegate.swift */; };
		97FCC22F1ADC310E00359B2C /* imagePickerDelegate.swift in Sources */ = {isa = PBXBuildFile; fileRef = 97FCC22E1ADC310E00359B2C /* imagePickerDelegate.swift */; };
		97FCC2311ADC541D00359B2C /* Meme.swift in Sources */ = {isa = PBXBuildFile; fileRef = 97FCC2301ADC541D00359B2C /* Meme.swift */; };
		97FCC2331ADC65A700359B2C /* MemeCollectionViewController.swift in Sources */ = {isa = PBXBuildFile; fileRef = 97FCC2321ADC65A700359B2C /* MemeCollectionViewController.swift */; };
/* End PBXBuildFile section */

/* Begin PBXContainerItemProxy section */
		979DFF231ADBFF840017C937 /* PBXContainerItemProxy */ = {
			isa = PBXContainerItemProxy;
			containerPortal = 979DFF051ADBFF840017C937 /* Project object */;
			proxyType = 1;
			remoteGlobalIDString = 979DFF0C1ADBFF840017C937;
			remoteInfo = MemeMeApp;
		};
/* End PBXContainerItemProxy section */

/* Begin PBXFileReference section */
		979DFF0D1ADBFF840017C937 /* MemeMeApp.app */ = {isa = PBXFileReference; explicitFileType = wrapper.application; includeInIndex = 0; path = MemeMeApp.app; sourceTree = BUILT_PRODUCTS_DIR; };
		979DFF111ADBFF840017C937 /* Info.plist */ = {isa = PBXFileReference; lastKnownFileType = text.plist.xml; path = Info.plist; sourceTree = "<group>"; };
		979DFF121ADBFF840017C937 /* AppDelegate.swift */ = {isa = PBXFileReference; lastKnownFileType = sourcecode.swift; path = AppDelegate.swift; sourceTree = "<group>"; };
		979DFF141ADBFF840017C937 /* MemeEditorViewController.swift */ = {isa = PBXFileReference; lastKnownFileType = sourcecode.swift; path = MemeEditorViewController.swift; sourceTree = "<group>"; };
		979DFF191ADBFF840017C937 /* Images.xcassets */ = {isa = PBXFileReference; lastKnownFileType = folder.assetcatalog; path = Images.xcassets; sourceTree = "<group>"; };
		979DFF1C1ADBFF840017C937 /* Base */ = {isa = PBXFileReference; lastKnownFileType = file.xib; name = Base; path = Base.lproj/LaunchScreen.xib; sourceTree = "<group>"; };
		979DFF221ADBFF840017C937 /* MemeMeAppTests.xctest */ = {isa = PBXFileReference; explicitFileType = wrapper.cfbundle; includeInIndex = 0; path = MemeMeAppTests.xctest; sourceTree = BUILT_PRODUCTS_DIR; };
		979DFF271ADBFF840017C937 /* Info.plist */ = {isa = PBXFileReference; lastKnownFileType = text.plist.xml; path = Info.plist; sourceTree = "<group>"; };
		979DFF281ADBFF840017C937 /* MemeMeAppTests.swift */ = {isa = PBXFileReference; lastKnownFileType = sourcecode.swift; path = MemeMeAppTests.swift; sourceTree = "<group>"; };
		97ABB9AE1ADC7A6000646DF6 /* MemeCollectionViewCell.swift */ = {isa = PBXFileReference; fileEncoding = 4; lastKnownFileType = sourcecode.swift; path = MemeCollectionViewCell.swift; sourceTree = "<group>"; };
		97B501A31ADEA7B3003F86EB /* Main.storyboard */ = {isa = PBXFileReference; fileEncoding = 4; lastKnownFileType = file.storyboard; path = Main.storyboard; sourceTree = "<group>"; };
		97C04E331ADD4D4E00040286 /* MemeTableViewController.swift */ = {isa = PBXFileReference; fileEncoding = 4; lastKnownFileType = sourcecode.swift; path = MemeTableViewController.swift; sourceTree = "<group>"; };
		97C04E371ADD4FBF00040286 /* MemeDetailViewController.swift */ = {isa = PBXFileReference; fileEncoding = 4; lastKnownFileType = sourcecode.swift; path = MemeDetailViewController.swift; sourceTree = "<group>"; };
		97ED65A21ADC11E500B024ED /* textInputDelegate.swift */ = {isa = PBXFileReference; fileEncoding = 4; lastKnownFileType = sourcecode.swift; path = textInputDelegate.swift; sourceTree = "<group>"; };
		97FCC22E1ADC310E00359B2C /* imagePickerDelegate.swift */ = {isa = PBXFileReference; fileEncoding = 4; lastKnownFileType = sourcecode.swift; path = imagePickerDelegate.swift; sourceTree = "<group>"; };
		97FCC2301ADC541D00359B2C /* Meme.swift */ = {isa = PBXFileReference; fileEncoding = 4; lastKnownFileType = sourcecode.swift; path = Meme.swift; sourceTree = "<group>"; };
		97FCC2321ADC65A700359B2C /* MemeCollectionViewController.swift */ = {isa = PBXFileReference; fileEncoding = 4; lastKnownFileType = sourcecode.swift; path = MemeCollectionViewController.swift; sourceTree = "<group>"; };
/* End PBXFileReference section */

/* Begin PBXFrameworksBuildPhase section */
		979DFF0A1ADBFF840017C937 /* Frameworks */ = {
			isa = PBXFrameworksBuildPhase;
			buildActionMask = 2147483647;
			files = (
			);
			runOnlyForDeploymentPostprocessing = 0;
		};
		979DFF1F1ADBFF840017C937 /* Frameworks */ = {
			isa = PBXFrameworksBuildPhase;
			buildActionMask = 2147483647;
			files = (
			);
			runOnlyForDeploymentPostprocessing = 0;
		};
/* End PBXFrameworksBuildPhase section */

/* Begin PBXGroup section */
		979DFF041ADBFF840017C937 = {
			isa = PBXGroup;
			children = (
				979DFF0F1ADBFF840017C937 /* MemeMeApp */,
				979DFF251ADBFF840017C937 /* MemeMeAppTests */,
				979DFF0E1ADBFF840017C937 /* Products */,
			);
			sourceTree = "<group>";
		};
		979DFF0E1ADBFF840017C937 /* Products */ = {
			isa = PBXGroup;
			children = (
				979DFF0D1ADBFF840017C937 /* MemeMeApp.app */,
				979DFF221ADBFF840017C937 /* MemeMeAppTests.xctest */,
			);
			name = Products;
			sourceTree = "<group>";
		};
		979DFF0F1ADBFF840017C937 /* MemeMeApp */ = {
			isa = PBXGroup;
			children = (
				97ED65A11ADC11D300B024ED /* Delegates */,
				979DFF121ADBFF840017C937 /* AppDelegate.swift */,
				979DFF141ADBFF840017C937 /* MemeEditorViewController.swift */,
				97C04E371ADD4FBF00040286 /* MemeDetailViewController.swift */,
				97C04E331ADD4D4E00040286 /* MemeTableViewController.swift */,
				97FCC2321ADC65A700359B2C /* MemeCollectionViewController.swift */,
				97ABB9AE1ADC7A6000646DF6 /* MemeCollectionViewCell.swift */,
				97FCC2301ADC541D00359B2C /* Meme.swift */,
				97B501A31ADEA7B3003F86EB /* Main.storyboard */,
				979DFF1B1ADBFF840017C937 /* LaunchScreen.xib */,
				979DFF191ADBFF840017C937 /* Images.xcassets */,
				979DFF101ADBFF840017C937 /* Supporting Files */,
			);
			path = MemeMeApp;
			sourceTree = "<group>";
		};
		979DFF101ADBFF840017C937 /* Supporting Files */ = {
			isa = PBXGroup;
			children = (
				979DFF111ADBFF840017C937 /* Info.plist */,
			);
			name = "Supporting Files";
			sourceTree = "<group>";
		};
		979DFF251ADBFF840017C937 /* MemeMeAppTests */ = {
			isa = PBXGroup;
			children = (
				979DFF281ADBFF840017C937 /* MemeMeAppTests.swift */,
				979DFF261ADBFF840017C937 /* Supporting Files */,
			);
			path = MemeMeAppTests;
			sourceTree = "<group>";
		};
		979DFF261ADBFF840017C937 /* Supporting Files */ = {
			isa = PBXGroup;
			children = (
				979DFF271ADBFF840017C937 /* Info.plist */,
			);
			name = "Supporting Files";
			sourceTree = "<group>";
		};
		97ED65A11ADC11D300B024ED /* Delegates */ = {
			isa = PBXGroup;
			children = (
				97ED65A21ADC11E500B024ED /* textInputDelegate.swift */,
				97FCC22E1ADC310E00359B2C /* imagePickerDelegate.swift */,
			);
			name = Delegates;
			sourceTree = "<group>";
		};
/* End PBXGroup section */

/* Begin PBXNativeTarget section */
		979DFF0C1ADBFF840017C937 /* MemeMeApp */ = {
			isa = PBXNativeTarget;
			buildConfigurationList = 979DFF2C1ADBFF840017C937 /* Build configuration list for PBXNativeTarget "MemeMeApp" */;
			buildPhases = (
				979DFF091ADBFF840017C937 /* Sources */,
				979DFF0A1ADBFF840017C937 /* Frameworks */,
				979DFF0B1ADBFF840017C937 /* Resources */,
			);
			buildRules = (
			);
			dependencies = (
			);
			name = MemeMeApp;
			productName = MemeMeApp;
			productReference = 979DFF0D1ADBFF840017C937 /* MemeMeApp.app */;
			productType = "com.apple.product-type.application";
		};
		979DFF211ADBFF840017C937 /* MemeMeAppTests */ = {
			isa = PBXNativeTarget;
			buildConfigurationList = 979DFF2F1ADBFF840017C937 /* Build configuration list for PBXNativeTarget "MemeMeAppTests" */;
			buildPhases = (
				979DFF1E1ADBFF840017C937 /* Sources */,
				979DFF1F1ADBFF840017C937 /* Frameworks */,
				979DFF201ADBFF840017C937 /* Resources */,
			);
			buildRules = (
			);
			dependencies = (
				979DFF241ADBFF840017C937 /* PBXTargetDependency */,
			);
			name = MemeMeAppTests;
			productName = MemeMeAppTests;
			productReference = 979DFF221ADBFF840017C937 /* MemeMeAppTests.xctest */;
			productType = "com.apple.product-type.bundle.unit-test";
		};
/* End PBXNativeTarget section */

/* Begin PBXProject section */
		979DFF051ADBFF840017C937 /* Project object */ = {
			isa = PBXProject;
			attributes = {
				LastUpgradeCheck = 0630;
				ORGANIZATIONNAME = "Luis Matute";
				TargetAttributes = {
					979DFF0C1ADBFF840017C937 = {
						CreatedOnToolsVersion = 6.3;
					};
					979DFF211ADBFF840017C937 = {
						CreatedOnToolsVersion = 6.3;
						TestTargetID = 979DFF0C1ADBFF840017C937;
					};
				};
			};
			buildConfigurationList = 979DFF081ADBFF840017C937 /* Build configuration list for PBXProject "MemeMeApp" */;
			compatibilityVersion = "Xcode 3.2";
			developmentRegion = English;
			hasScannedForEncodings = 0;
			knownRegions = (
				en,
				Base,
			);
			mainGroup = 979DFF041ADBFF840017C937;
			productRefGroup = 979DFF0E1ADBFF840017C937 /* Products */;
			projectDirPath = "";
			projectRoot = "";
			targets = (
				979DFF0C1ADBFF840017C937 /* MemeMeApp */,
				979DFF211ADBFF840017C937 /* MemeMeAppTests */,
			);
		};
/* End PBXProject section */

/* Begin PBXResourcesBuildPhase section */
		979DFF0B1ADBFF840017C937 /* Resources */ = {
			isa = PBXResourcesBuildPhase;
			buildActionMask = 2147483647;
			files = (
				979DFF1D1ADBFF840017C937 /* LaunchScreen.xib in Resources */,
				979DFF1A1ADBFF840017C937 /* Images.xcassets in Resources */,
				97B501A41ADEA7B3003F86EB /* Main.storyboard in Resources */,
			);
			runOnlyForDeploymentPostprocessing = 0;
		};
		979DFF201ADBFF840017C937 /* Resources */ = {
			isa = PBXResourcesBuildPhase;
			buildActionMask = 2147483647;
			files = (
			);
			runOnlyForDeploymentPostprocessing = 0;
		};
/* End PBXResourcesBuildPhase section */

/* Begin PBXSourcesBuildPhase section */
		979DFF091ADBFF840017C937 /* Sources */ = {
			isa = PBXSourcesBuildPhase;
			buildActionMask = 2147483647;
			files = (
				97C04E381ADD4FBF00040286 /* MemeDetailViewController.swift in Sources */,
				97FCC22F1ADC310E00359B2C /* imagePickerDelegate.swift in Sources */,
				97FCC2331ADC65A700359B2C /* MemeCollectionViewController.swift in Sources */,
				97ED65A31ADC11E500B024ED /* textInputDelegate.swift in Sources */,
				97C04E341ADD4D4E00040286 /* MemeTableViewController.swift in Sources */,
				979DFF151ADBFF840017C937 /* MemeEditorViewController.swift in Sources */,
				97ABB9AF1ADC7A6000646DF6 /* MemeCollectionViewCell.swift in Sources */,
				979DFF131ADBFF840017C937 /* AppDelegate.swift in Sources */,
				97FCC2311ADC541D00359B2C /* Meme.swift in Sources */,
			);
			runOnlyForDeploymentPostprocessing = 0;
		};
		979DFF1E1ADBFF840017C937 /* Sources */ = {
			isa = PBXSourcesBuildPhase;
			buildActionMask = 2147483647;
			files = (
				979DFF291ADBFF840017C937 /* MemeMeAppTests.swift in Sources */,
			);
			runOnlyForDeploymentPostprocessing = 0;
		};
/* End PBXSourcesBuildPhase section */

/* Begin PBXTargetDependency section */
		979DFF241ADBFF840017C937 /* PBXTargetDependency */ = {
			isa = PBXTargetDependency;
			target = 979DFF0C1ADBFF840017C937 /* MemeMeApp */;
			targetProxy = 979DFF231ADBFF840017C937 /* PBXContainerItemProxy */;
		};
/* End PBXTargetDependency section */

/* Begin PBXVariantGroup section */
		979DFF1B1ADBFF840017C937 /* LaunchScreen.xib */ = {
			isa = PBXVariantGroup;
			children = (
				979DFF1C1ADBFF840017C937 /* Base */,
			);
			name = LaunchScreen.xib;
			sourceTree = "<group>";
		};
/* End PBXVariantGroup section */

/* Begin XCBuildConfiguration section */
		979DFF2A1ADBFF840017C937 /* Debug */ = {
			isa = XCBuildConfiguration;
			buildSettings = {
				ALWAYS_SEARCH_USER_PATHS = NO;
				CLANG_CXX_LANGUAGE_STANDARD = "gnu++0x";
				CLANG_CXX_LIBRARY = "libc++";
				CLANG_ENABLE_MODULES = YES;
				CLANG_ENABLE_OBJC_ARC = YES;
				CLANG_WARN_BOOL_CONVERSION = YES;
				CLANG_WARN_CONSTANT_CONVERSION = YES;
				CLANG_WARN_DIRECT_OBJC_ISA_USAGE = YES_ERROR;
				CLANG_WARN_EMPTY_BODY = YES;
				CLANG_WARN_ENUM_CONVERSION = YES;
				CLANG_WARN_INT_CONVERSION = YES;
				CLANG_WARN_OBJC_ROOT_CLASS = YES_ERROR;
				CLANG_WARN_UNREACHABLE_CODE = YES;
				CLANG_WARN__DUPLICATE_METHOD_MATCH = YES;
				"CODE_SIGN_IDENTITY[sdk=iphoneos*]" = "iPhone Developer";
				COPY_PHASE_STRIP = NO;
				DEBUG_INFORMATION_FORMAT = "dwarf-with-dsym";
				ENABLE_STRICT_OBJC_MSGSEND = YES;
				GCC_C_LANGUAGE_STANDARD = gnu99;
				GCC_DYNAMIC_NO_PIC = NO;
				GCC_NO_COMMON_BLOCKS = YES;
				GCC_OPTIMIZATION_LEVEL = 0;
				GCC_PREPROCESSOR_DEFINITIONS = (
					"DEBUG=1",
					"$(inherited)",
				);
				GCC_SYMBOLS_PRIVATE_EXTERN = NO;
				GCC_WARN_64_TO_32_BIT_CONVERSION = YES;
				GCC_WARN_ABOUT_RETURN_TYPE = YES_ERROR;
				GCC_WARN_UNDECLARED_SELECTOR = YES;
				GCC_WARN_UNINITIALIZED_AUTOS = YES_AGGRESSIVE;
				GCC_WARN_UNUSED_FUNCTION = YES;
				GCC_WARN_UNUSED_VARIABLE = YES;
				IPHONEOS_DEPLOYMENT_TARGET = 8.3;
				MTL_ENABLE_DEBUG_INFO = YES;
				ONLY_ACTIVE_ARCH = YES;
				SDKROOT = iphoneos;
				SWIFT_OPTIMIZATION_LEVEL = "-Onone";
			};
			name = Debug;
		};
		979DFF2B1ADBFF840017C937 /* Release */ = {
			isa = XCBuildConfiguration;
			buildSettings = {
				ALWAYS_SEARCH_USER_PATHS = NO;
				CLANG_CXX_LANGUAGE_STANDARD = "gnu++0x";
				CLANG_CXX_LIBRARY = "libc++";
				CLANG_ENABLE_MODULES = YES;
				CLANG_ENABLE_OBJC_ARC = YES;
				CLANG_WARN_BOOL_CONVERSION = YES;
				CLANG_WARN_CONSTANT_CONVERSION = YES;
				CLANG_WARN_DIRECT_OBJC_ISA_USAGE = YES_ERROR;
				CLANG_WARN_EMPTY_BODY = YES;
				CLANG_WARN_ENUM_CONVERSION = YES;
				CLANG_WARN_INT_CONVERSION = YES;
				CLANG_WARN_OBJC_ROOT_CLASS = YES_ERROR;
				CLANG_WARN_UNREACHABLE_CODE = YES;
				CLANG_WARN__DUPLICATE_METHOD_MATCH = YES;
				"CODE_SIGN_IDENTITY[sdk=iphoneos*]" = "iPhone Developer";
				COPY_PHASE_STRIP = NO;
				DEBUG_INFORMATION_FORMAT = "dwarf-with-dsym";
				ENABLE_NS_ASSERTIONS = NO;
				ENABLE_STRICT_OBJC_MSGSEND = YES;
				GCC_C_LANGUAGE_STANDARD = gnu99;
				GCC_NO_COMMON_BLOCKS = YES;
				GCC_WARN_64_TO_32_BIT_CONVERSION = YES;
				GCC_WARN_ABOUT_RETURN_TYPE = YES_ERROR;
				GCC_WARN_UNDECLARED_SELECTOR = YES;
				GCC_WARN_UNINITIALIZED_AUTOS = YES_AGGRESSIVE;
				GCC_WARN_UNUSED_FUNCTION = YES;
				GCC_WARN_UNUSED_VARIABLE = YES;
				IPHONEOS_DEPLOYMENT_TARGET = 8.3;
				MTL_ENABLE_DEBUG_INFO = NO;
				SDKROOT = iphoneos;
				VALIDATE_PRODUCT = YES;
			};
			name = Release;
		};
		979DFF2D1ADBFF840017C937 /* Debug */ = {
			isa = XCBuildConfiguration;
			buildSettings = {
				ASSETCATALOG_COMPILER_APPICON_NAME = AppIcon;
				INFOPLIST_FILE = MemeMeApp/Info.plist;
				LD_RUNPATH_SEARCH_PATHS = "$(inherited) @executable_path/Frameworks";
				PRODUCT_NAME = "$(TARGET_NAME)";
			};
			name = Debug;
		};
		979DFF2E1ADBFF840017C937 /* Release */ = {
			isa = XCBuildConfiguration;
			buildSettings = {
				ASSETCATALOG_COMPILER_APPICON_NAME = AppIcon;
				INFOPLIST_FILE = MemeMeApp/Info.plist;
				LD_RUNPATH_SEARCH_PATHS = "$(inherited) @executable_path/Frameworks";
				PRODUCT_NAME = "$(TARGET_NAME)";
			};
			name = Release;
		};
		979DFF301ADBFF840017C937 /* Debug */ = {
			isa = XCBuildConfiguration;
			buildSettings = {
				BUNDLE_LOADER = "$(TEST_HOST)";
				FRAMEWORK_SEARCH_PATHS = (
					"$(SDKROOT)/Developer/Library/Frameworks",
					"$(inherited)",
				);
				GCC_PREPROCESSOR_DEFINITIONS = (
					"DEBUG=1",
					"$(inherited)",
				);
				INFOPLIST_FILE = MemeMeAppTests/Info.plist;
				LD_RUNPATH_SEARCH_PATHS = "$(inherited) @executable_path/Frameworks @loader_path/Frameworks";
				PRODUCT_NAME = "$(TARGET_NAME)";
				TEST_HOST = "$(BUILT_PRODUCTS_DIR)/MemeMeApp.app/MemeMeApp";
			};
			name = Debug;
		};
		979DFF311ADBFF840017C937 /* Release */ = {
			isa = XCBuildConfiguration;
			buildSettings = {
				BUNDLE_LOADER = "$(TEST_HOST)";
				FRAMEWORK_SEARCH_PATHS = (
					"$(SDKROOT)/Developer/Library/Frameworks",
					"$(inherited)",
				);
				INFOPLIST_FILE = MemeMeAppTests/Info.plist;
				LD_RUNPATH_SEARCH_PATHS = "$(inherited) @executable_path/Frameworks @loader_path/Frameworks";
				PRODUCT_NAME = "$(TARGET_NAME)";
				TEST_HOST = "$(BUILT_PRODUCTS_DIR)/MemeMeApp.app/MemeMeApp";
			};
			name = Release;
		};
/* End XCBuildConfiguration section */

/* Begin XCConfigurationList section */
		979DFF081ADBFF840017C937 /* Build configuration list for PBXProject "MemeMeApp" */ = {
			isa = XCConfigurationList;
			buildConfigurations = (
				979DFF2A1ADBFF840017C937 /* Debug */,
				979DFF2B1ADBFF840017C937 /* Release */,
			);
			defaultConfigurationIsVisible = 0;
			defaultConfigurationName = Release;
		};
		979DFF2C1ADBFF840017C937 /* Build configuration list for PBXNativeTarget "MemeMeApp" */ = {
			isa = XCConfigurationList;
			buildConfigurations = (
				979DFF2D1ADBFF840017C937 /* Debug */,
				979DFF2E1ADBFF840017C937 /* Release */,
			);
			defaultConfigurationIsVisible = 0;
			defaultConfigurationName = Release;
		};
		979DFF2F1ADBFF840017C937 /* Build configuration list for PBXNativeTarget "MemeMeAppTests" */ = {
			isa = XCConfigurationList;
			buildConfigurations = (
				979DFF301ADBFF840017C937 /* Debug */,
				979DFF311ADBFF840017C937 /* Release */,
			);
			defaultConfigurationIsVisible = 0;
			defaultConfigurationName = Release;
		};
/* End XCConfigurationList section */
	};
	rootObject = 979DFF051ADBFF840017C937 /* Project object */;
}
